// !$*UTF8*$!
{
	archiveVersion = 1;
	classes = {
	};
	objectVersion = 46;
	objects = {

/* Begin PBXBuildFile section */
		2CF07FBE18988C040023550B /* Foundation.framework in Frameworks */ = {isa = PBXBuildFile; fileRef = 2CF07FBD18988C040023550B /* Foundation.framework */; };
		2CF07FC018988C040023550B /* CoreGraphics.framework in Frameworks */ = {isa = PBXBuildFile; fileRef = 2CF07FBF18988C040023550B /* CoreGraphics.framework */; };
		2CF07FC218988C040023550B /* UIKit.framework in Frameworks */ = {isa = PBXBuildFile; fileRef = 2CF07FC118988C040023550B /* UIKit.framework */; };
		2CF07FC818988C040023550B /* InfoPlist.strings in Resources */ = {isa = PBXBuildFile; fileRef = 2CF07FC618988C040023550B /* InfoPlist.strings */; };
		2CF07FCA18988C040023550B /* main.m in Sources */ = {isa = PBXBuildFile; fileRef = 2CF07FC918988C040023550B /* main.m */; };
		2CF07FCE18988C040023550B /* RotationAppDelegate.m in Sources */ = {isa = PBXBuildFile; fileRef = 2CF07FCD18988C040023550B /* RotationAppDelegate.m */; };
		2CF07FD018988C040023550B /* Images.xcassets in Resources */ = {isa = PBXBuildFile; fileRef = 2CF07FCF18988C040023550B /* Images.xcassets */; };
		2CF07FD718988C040023550B /* XCTest.framework in Frameworks */ = {isa = PBXBuildFile; fileRef = 2CF07FD618988C040023550B /* XCTest.framework */; };
		2CF07FD818988C040023550B /* Foundation.framework in Frameworks */ = {isa = PBXBuildFile; fileRef = 2CF07FBD18988C040023550B /* Foundation.framework */; };
		2CF07FD918988C040023550B /* UIKit.framework in Frameworks */ = {isa = PBXBuildFile; fileRef = 2CF07FC118988C040023550B /* UIKit.framework */; };
		2CF07FE118988C040023550B /* InfoPlist.strings in Resources */ = {isa = PBXBuildFile; fileRef = 2CF07FDF18988C040023550B /* InfoPlist.strings */; };
		2CF07FE318988C040023550B /* HeavyRotationTests.m in Sources */ = {isa = PBXBuildFile; fileRef = 2CF07FE218988C040023550B /* HeavyRotationTests.m */; };
		2CF07FEF18988D3C0023550B /* RotationViewController.m in Sources */ = {isa = PBXBuildFile; fileRef = 2CF07FED18988D3C0023550B /* RotationViewController.m */; };
		2CF07FF018988D3C0023550B /* RotationViewController.xib in Resources */ = {isa = PBXBuildFile; fileRef = 2CF07FEE18988D3C0023550B /* RotationViewController.xib */; };
		2CF07FF218988ED60023550B /* photo (1).JPG in Resources */ = {isa = PBXBuildFile; fileRef = 2CF07FF118988ED60023550B /* photo (1).JPG */; };
/* End PBXBuildFile section */

/* Begin PBXContainerItemProxy section */
		2CF07FDA18988C040023550B /* PBXContainerItemProxy */ = {
			isa = PBXContainerItemProxy;
			containerPortal = 2CF07FB218988C040023550B /* Project object */;
			proxyType = 1;
			remoteGlobalIDString = 2CF07FB918988C040023550B;
			remoteInfo = HeavyRotation;
		};
/* End PBXContainerItemProxy section */

/* Begin PBXFileReference section */
		2CF07FBA18988C040023550B /* HeavyRotation.app */ = {isa = PBXFileReference; explicitFileType = wrapper.application; includeInIndex = 0; path = HeavyRotation.app; sourceTree = BUILT_PRODUCTS_DIR; };
		2CF07FBD18988C040023550B /* Foundation.framework */ = {isa = PBXFileReference; lastKnownFileType = wrapper.framework; name = Foundation.framework; path = System/Library/Frameworks/Foundation.framework; sourceTree = SDKROOT; };
		2CF07FBF18988C040023550B /* CoreGraphics.framework */ = {isa = PBXFileReference; lastKnownFileType = wrapper.framework; name = CoreGraphics.framework; path = System/Library/Frameworks/CoreGraphics.framework; sourceTree = SDKROOT; };
		2CF07FC118988C040023550B /* UIKit.framework */ = {isa = PBXFileReference; lastKnownFileType = wrapper.framework; name = UIKit.framework; path = System/Library/Frameworks/UIKit.framework; sourceTree = SDKROOT; };
		2CF07FC518988C040023550B /* HeavyRotation-Info.plist */ = {isa = PBXFileReference; lastKnownFileType = text.plist.xml; path = "HeavyRotation-Info.plist"; sourceTree = "<group>"; };
		2CF07FC718988C040023550B /* en */ = {isa = PBXFileReference; lastKnownFileType = text.plist.strings; name = en; path = en.lproj/InfoPlist.strings; sourceTree = "<group>"; };
		2CF07FC918988C040023550B /* main.m */ = {isa = PBXFileReference; lastKnownFileType = sourcecode.c.objc; path = main.m; sourceTree = "<group>"; };
		2CF07FCB18988C040023550B /* HeavyRotation-Prefix.pch */ = {isa = PBXFileReference; lastKnownFileType = sourcecode.c.h; path = "HeavyRotation-Prefix.pch"; sourceTree = "<group>"; };
		2CF07FCC18988C040023550B /* RotationAppDelegate.h */ = {isa = PBXFileReference; lastKnownFileType = sourcecode.c.h; path = RotationAppDelegate.h; sourceTree = "<group>"; };
		2CF07FCD18988C040023550B /* RotationAppDelegate.m */ = {isa = PBXFileReference; lastKnownFileType = sourcecode.c.objc; path = RotationAppDelegate.m; sourceTree = "<group>"; };
		2CF07FCF18988C040023550B /* Images.xcassets */ = {isa = PBXFileReference; lastKnownFileType = folder.assetcatalog; path = Images.xcassets; sourceTree = "<group>"; };
		2CF07FD518988C040023550B /* HeavyRotationTests.xctest */ = {isa = PBXFileReference; explicitFileType = wrapper.cfbundle; includeInIndex = 0; path = HeavyRotationTests.xctest; sourceTree = BUILT_PRODUCTS_DIR; };
		2CF07FD618988C040023550B /* XCTest.framework */ = {isa = PBXFileReference; lastKnownFileType = wrapper.framework; name = XCTest.framework; path = Library/Frameworks/XCTest.framework; sourceTree = DEVELOPER_DIR; };
		2CF07FDE18988C040023550B /* HeavyRotationTests-Info.plist */ = {isa = PBXFileReference; lastKnownFileType = text.plist.xml; path = "HeavyRotationTests-Info.plist"; sourceTree = "<group>"; };
		2CF07FE018988C040023550B /* en */ = {isa = PBXFileReference; lastKnownFileType = text.plist.strings; name = en; path = en.lproj/InfoPlist.strings; sourceTree = "<group>"; };
		2CF07FE218988C040023550B /* HeavyRotationTests.m */ = {isa = PBXFileReference; lastKnownFileType = sourcecode.c.objc; path = HeavyRotationTests.m; sourceTree = "<group>"; };
		2CF07FEC18988D3C0023550B /* RotationViewController.h */ = {isa = PBXFileReference; fileEncoding = 4; lastKnownFileType = sourcecode.c.h; path = RotationViewController.h; sourceTree = "<group>"; };
		2CF07FED18988D3C0023550B /* RotationViewController.m */ = {isa = PBXFileReference; fileEncoding = 4; lastKnownFileType = sourcecode.c.objc; path = RotationViewController.m; sourceTree = "<group>"; };
		2CF07FEE18988D3C0023550B /* RotationViewController.xib */ = {isa = PBXFileReference; fileEncoding = 4; lastKnownFileType = file.xib; path = RotationViewController.xib; sourceTree = "<group>"; };
		2CF07FF118988ED60023550B /* photo (1).JPG */ = {isa = PBXFileReference; lastKnownFileType = image.jpeg; path = "photo (1).JPG"; sourceTree = "<group>"; };
/* End PBXFileReference section */

/* Begin PBXFrameworksBuildPhase section */
		2CF07FB718988C040023550B /* Frameworks */ = {
			isa = PBXFrameworksBuildPhase;
			buildActionMask = 2147483647;
			files = (
				2CF07FC018988C040023550B /* CoreGraphics.framework in Frameworks */,
				2CF07FC218988C040023550B /* UIKit.framework in Frameworks */,
				2CF07FBE18988C040023550B /* Foundation.framework in Frameworks */,
			);
			runOnlyForDeploymentPostprocessing = 0;
		};
		2CF07FD218988C040023550B /* Frameworks */ = {
			isa = PBXFrameworksBuildPhase;
			buildActionMask = 2147483647;
			files = (
				2CF07FD718988C040023550B /* XCTest.framework in Frameworks */,
				2CF07FD918988C040023550B /* UIKit.framework in Frameworks */,
				2CF07FD818988C040023550B /* Foundation.framework in Frameworks */,
			);
			runOnlyForDeploymentPostprocessing = 0;
		};
/* End PBXFrameworksBuildPhase section */

/* Begin PBXGroup section */
		2CF07FB118988C040023550B = {
			isa = PBXGroup;
			children = (
				2CF07FC318988C040023550B /* HeavyRotation */,
				2CF07FDC18988C040023550B /* HeavyRotationTests */,
				2CF07FBC18988C040023550B /* Frameworks */,
				2CF07FBB18988C040023550B /* Products */,
			);
			sourceTree = "<group>";
		};
		2CF07FBB18988C040023550B /* Products */ = {
			isa = PBXGroup;
			children = (
				2CF07FBA18988C040023550B /* HeavyRotation.app */,
				2CF07FD518988C040023550B /* HeavyRotationTests.xctest */,
			);
			name = Products;
			sourceTree = "<group>";
		};
		2CF07FBC18988C040023550B /* Frameworks */ = {
			isa = PBXGroup;
			children = (
				2CF07FBD18988C040023550B /* Foundation.framework */,
				2CF07FBF18988C040023550B /* CoreGraphics.framework */,
				2CF07FC118988C040023550B /* UIKit.framework */,
				2CF07FD618988C040023550B /* XCTest.framework */,
			);
			name = Frameworks;
			sourceTree = "<group>";
		};
		2CF07FC318988C040023550B /* HeavyRotation */ = {
			isa = PBXGroup;
			children = (
				2CF07FCC18988C040023550B /* RotationAppDelegate.h */,
				2CF07FCD18988C040023550B /* RotationAppDelegate.m */,
				2CF07FEC18988D3C0023550B /* RotationViewController.h */,
				2CF07FED18988D3C0023550B /* RotationViewController.m */,
				2CF07FEE18988D3C0023550B /* RotationViewController.xib */,
				2CF07FCF18988C040023550B /* Images.xcassets */,
				2CF07FC418988C040023550B /* Supporting Files */,
			);
			path = HeavyRotation;
			sourceTree = "<group>";
		};
		2CF07FC418988C040023550B /* Supporting Files */ = {
			isa = PBXGroup;
			children = (
				2CF07FF118988ED60023550B /* photo (1).JPG */,
				2CF07FC518988C040023550B /* HeavyRotation-Info.plist */,
				2CF07FC618988C040023550B /* InfoPlist.strings */,
				2CF07FC918988C040023550B /* main.m */,
				2CF07FCB18988C040023550B /* HeavyRotation-Prefix.pch */,
			);
			name = "Supporting Files";
			sourceTree = "<group>";
		};
		2CF07FDC18988C040023550B /* HeavyRotationTests */ = {
			isa = PBXGroup;
			children = (
				2CF07FE218988C040023550B /* HeavyRotationTests.m */,
				2CF07FDD18988C040023550B /* Supporting Files */,
			);
			path = HeavyRotationTests;
			sourceTree = "<group>";
		};
		2CF07FDD18988C040023550B /* Supporting Files */ = {
			isa = PBXGroup;
			children = (
				2CF07FDE18988C040023550B /* HeavyRotationTests-Info.plist */,
				2CF07FDF18988C040023550B /* InfoPlist.strings */,
			);
			name = "Supporting Files";
			sourceTree = "<group>";
		};
/* End PBXGroup section */

/* Begin PBXNativeTarget section */
		2CF07FB918988C040023550B /* HeavyRotation */ = {
			isa = PBXNativeTarget;
			buildConfigurationList = 2CF07FE618988C040023550B /* Build configuration list for PBXNativeTarget "HeavyRotation" */;
			buildPhases = (
				2CF07FB618988C040023550B /* Sources */,
				2CF07FB718988C040023550B /* Frameworks */,
				2CF07FB818988C040023550B /* Resources */,
			);
			buildRules = (
			);
			dependencies = (
			);
			name = HeavyRotation;
			productName = HeavyRotation;
			productReference = 2CF07FBA18988C040023550B /* HeavyRotation.app */;
			productType = "com.apple.product-type.application";
		};
		2CF07FD418988C040023550B /* HeavyRotationTests */ = {
			isa = PBXNativeTarget;
			buildConfigurationList = 2CF07FE918988C040023550B /* Build configuration list for PBXNativeTarget "HeavyRotationTests" */;
			buildPhases = (
				2CF07FD118988C040023550B /* Sources */,
				2CF07FD218988C040023550B /* Frameworks */,
				2CF07FD318988C040023550B /* Resources */,
			);
			buildRules = (
			);
			dependencies = (
				2CF07FDB18988C040023550B /* PBXTargetDependency */,
			);
			name = HeavyRotationTests;
			productName = HeavyRotationTests;
			productReference = 2CF07FD518988C040023550B /* HeavyRotationTests.xctest */;
			productType = "com.apple.product-type.bundle.unit-test";
		};
/* End PBXNativeTarget section */

/* Begin PBXProject section */
		2CF07FB218988C040023550B /* Project object */ = {
			isa = PBXProject;
			attributes = {
				CLASSPREFIX = Rotation;
				LastUpgradeCheck = 0500;
				ORGANIZATIONNAME = "Casandra Espinoza";
				TargetAttributes = {
					2CF07FD418988C040023550B = {
						TestTargetID = 2CF07FB918988C040023550B;
					};
				};
			};
			buildConfigurationList = 2CF07FB518988C040023550B /* Build configuration list for PBXProject "HeavyRotation" */;
			compatibilityVersion = "Xcode 3.2";
			developmentRegion = English;
			hasScannedForEncodings = 0;
			knownRegions = (
				en,
			);
			mainGroup = 2CF07FB118988C040023550B;
			productRefGroup = 2CF07FBB18988C040023550B /* Products */;
			projectDirPath = "";
			projectRoot = "";
			targets = (
				2CF07FB918988C040023550B /* HeavyRotation */,
				2CF07FD418988C040023550B /* HeavyRotationTests */,
			);
		};
/* End PBXProject section */

/* Begin PBXResourcesBuildPhase section */
		2CF07FB818988C040023550B /* Resources */ = {
			isa = PBXResourcesBuildPhase;
			buildActionMask = 2147483647;
			files = (
				2CF07FF218988ED60023550B /* photo (1).JPG in Resources */,
				2CF07FC818988C040023550B /* InfoPlist.strings in Resources */,
				2CF07FD018988C040023550B /* Images.xcassets in Resources */,
				2CF07FF018988D3C0023550B /* RotationViewController.xib in Resources */,
			);
			runOnlyForDeploymentPostprocessing = 0;
		};
		2CF07FD318988C040023550B /* Resources */ = {
			isa = PBXResourcesBuildPhase;
			buildActionMask = 2147483647;
			files = (
				2CF07FE118988C040023550B /* InfoPlist.strings in Resources */,
			);
			runOnlyForDeploymentPostprocessing = 0;
		};
/* End PBXResourcesBuildPhase section */

/* Begin PBXSourcesBuildPhase section */
		2CF07FB618988C040023550B /* Sources */ = {
			isa = PBXSourcesBuildPhase;
			buildActionMask = 2147483647;
			files = (
				2CF07FEF18988D3C0023550B /* RotationViewController.m in Sources */,
				2CF07FCE18988C040023550B /* RotationAppDelegate.m in Sources */,
				2CF07FCA18988C040023550B /* main.m in Sources */,
			);
			runOnlyForDeploymentPostprocessing = 0;
		};
		2CF07FD118988C040023550B /* Sources */ = {
			isa = PBXSourcesBuildPhase;
			buildActionMask = 2147483647;
			files = (
				2CF07FE318988C040023550B /* HeavyRotationTests.m in Sources */,
			);
			runOnlyForDeploymentPostprocessing = 0;
		};
/* End PBXSourcesBuildPhase section */

/* Begin PBXTargetDependency section */
		2CF07FDB18988C040023550B /* PBXTargetDependency */ = {
			isa = PBXTargetDependency;
			target = 2CF07FB918988C040023550B /* HeavyRotation */;
			targetProxy = 2CF07FDA18988C040023550B /* PBXContainerItemProxy */;
		};
/* End PBXTargetDependency section */

/* Begin PBXVariantGroup section */
		2CF07FC618988C040023550B /* InfoPlist.strings */ = {
			isa = PBXVariantGroup;
			children = (
				2CF07FC718988C040023550B /* en */,
			);
			name = InfoPlist.strings;
			sourceTree = "<group>";
		};
		2CF07FDF18988C040023550B /* InfoPlist.strings */ = {
			isa = PBXVariantGroup;
			children = (
				2CF07FE018988C040023550B /* en */,
			);
			name = InfoPlist.strings;
			sourceTree = "<group>";
		};
/* End PBXVariantGroup section */

/* Begin XCBuildConfiguration section */
		2CF07FE418988C040023550B /* Debug */ = {
			isa = XCBuildConfiguration;
			buildSettings = {
				ALWAYS_SEARCH_USER_PATHS = NO;
				ARCHS = "$(ARCHS_STANDARD_INCLUDING_64_BIT)";
				CLANG_CXX_LANGUAGE_STANDARD = "gnu++0x";
				CLANG_CXX_LIBRARY = "libc++";
				CLANG_ENABLE_MODULES = YES;
				CLANG_ENABLE_OBJC_ARC = YES;
				CLANG_WARN_BOOL_CONVERSION = YES;
				CLANG_WARN_CONSTANT_CONVERSION = YES;
				CLANG_WARN_DIRECT_OBJC_ISA_USAGE = YES_ERROR;
				CLANG_WARN_EMPTY_BODY = YES;
				CLANG_WARN_ENUM_CONVERSION = YES;
				CLANG_WARN_INT_CONVERSION = YES;
				CLANG_WARN_OBJC_ROOT_CLASS = YES_ERROR;
				CLANG_WARN__DUPLICATE_METHOD_MATCH = YES;
				"CODE_SIGN_IDENTITY[sdk=iphoneos*]" = "iPhone Developer";
				COPY_PHASE_STRIP = NO;
				GCC_C_LANGUAGE_STANDARD = gnu99;
				GCC_DYNAMIC_NO_PIC = NO;
				GCC_OPTIMIZATION_LEVEL = 0;
				GCC_PREPROCESSOR_DEFINITIONS = (
					"DEBUG=1",
					"$(inherited)",
				);
				GCC_SYMBOLS_PRIVATE_EXTERN = NO;
				GCC_WARN_64_TO_32_BIT_CONVERSION = YES;
				GCC_WARN_ABOUT_RETURN_TYPE = YES_ERROR;
				GCC_WARN_UNDECLARED_SELECTOR = YES;
				GCC_WARN_UNINITIALIZED_AUTOS = YES;
				GCC_WARN_UNUSED_FUNCTION = YES;
				GCC_WARN_UNUSED_VARIABLE = YES;
				IPHONEOS_DEPLOYMENT_TARGET = 7.0;
				ONLY_ACTIVE_ARCH = YES;
				SDKROOT = iphoneos;
			};
			name = Debug;
		};
		2CF07FE518988C040023550B /* Release */ = {
			isa = XCBuildConfiguration;
			buildSettings = {
				ALWAYS_SEARCH_USER_PATHS = NO;
				ARCHS = "$(ARCHS_STANDARD_INCLUDING_64_BIT)";
				CLANG_CXX_LANGUAGE_STANDARD = "gnu++0x";
				CLANG_CXX_LIBRARY = "libc++";
				CLANG_ENABLE_MODULES = YES;
				CLANG_ENABLE_OBJC_ARC = YES;
				CLANG_WARN_BOOL_CONVERSION = YES;
				CLANG_WARN_CONSTANT_CONVERSION = YES;
				CLANG_WARN_DIRECT_OBJC_ISA_USAGE = YES_ERROR;
				CLANG_WARN_EMPTY_BODY = YES;
				CLANG_WARN_ENUM_CONVERSION = YES;
				CLANG_WARN_INT_CONVERSION = YES;
				CLANG_WARN_OBJC_ROOT_CLASS = YES_ERROR;
				CLANG_WARN__DUPLICATE_METHOD_MATCH = YES;
				"CODE_SIGN_IDENTITY[sdk=iphoneos*]" = "iPhone Developer";
				COPY_PHASE_STRIP = YES;
				ENABLE_NS_ASSERTIONS = NO;
				GCC_C_LANGUAGE_STANDARD = gnu99;
				GCC_WARN_64_TO_32_BIT_CONVERSION = YES;
				GCC_WARN_ABOUT_RETURN_TYPE = YES_ERROR;
				GCC_WARN_UNDECLARED_SELECTOR = YES;
				GCC_WARN_UNINITIALIZED_AUTOS = YES;
				GCC_WARN_UNUSED_FUNCTION = YES;
				GCC_WARN_UNUSED_VARIABLE = YES;
				IPHONEOS_DEPLOYMENT_TARGET = 7.0;
				SDKROOT = iphoneos;
				VALIDATE_PRODUCT = YES;
			};
			name = Release;
		};
		2CF07FE718988C040023550B /* Debug */ = {
			isa = XCBuildConfiguration;
			buildSettings = {
				ASSETCATALOG_COMPILER_APPICON_NAME = AppIcon;
				ASSETCATALOG_COMPILER_LAUNCHIMAGE_NAME = LaunchImage;
				GCC_PRECOMPILE_PREFIX_HEADER = YES;
				GCC_PREFIX_HEADER = "HeavyRotation/HeavyRotation-Prefix.pch";
				INFOPLIST_FILE = "HeavyRotation/HeavyRotation-Info.plist";
				PRODUCT_NAME = "$(TARGET_NAME)";
				WRAPPER_EXTENSION = app;
			};
			name = Debug;
		};
		2CF07FE818988C040023550B /* Release */ = {
			isa = XCBuildConfiguration;
			buildSettings = {
				ASSETCATALOG_COMPILER_APPICON_NAME = AppIcon;
				ASSETCATALOG_COMPILER_LAUNCHIMAGE_NAME = LaunchImage;
				GCC_PRECOMPILE_PREFIX_HEADER = YES;
				GCC_PREFIX_HEADER = "HeavyRotation/HeavyRotation-Prefix.pch";
				INFOPLIST_FILE = "HeavyRotation/HeavyRotation-Info.plist";
				PRODUCT_NAME = "$(TARGET_NAME)";
				WRAPPER_EXTENSION = app;
			};
			name = Release;
		};
		2CF07FEA18988C040023550B /* Debug */ = {
			isa = XCBuildConfiguration;
			buildSettings = {
				ARCHS = "$(ARCHS_STANDARD_INCLUDING_64_BIT)";
				BUNDLE_LOADER = "$(BUILT_PRODUCTS_DIR)/HeavyRotation.app/HeavyRotation";
				FRAMEWORK_SEARCH_PATHS = (
					"$(SDKROOT)/Developer/Library/Frameworks",
					"$(inherited)",
					"$(DEVELOPER_FRAMEWORKS_DIR)",
				);
				GCC_PRECOMPILE_PREFIX_HEADER = YES;
				GCC_PREFIX_HEADER = "HeavyRotation/HeavyRotation-Prefix.pch";
				GCC_PREPROCESSOR_DEFINITIONS = (
					"DEBUG=1",
					"$(inherited)",
				);
				INFOPLIST_FILE = "HeavyRotationTests/HeavyRotationTests-Info.plist";
				PRODUCT_NAME = "$(TARGET_NAME)";
				TEST_HOST = "$(BUNDLE_LOADER)";
				WRAPPER_EXTENSION = xctest;
			};
			name = Debug;
		};
		2CF07FEB18988C040023550B /* Release */ = {
			isa = XCBuildConfiguration;
			buildSettings = {
				ARCHS = "$(ARCHS_STANDARD_INCLUDING_64_BIT)";
				BUNDLE_LOADER = "$(BUILT_PRODUCTS_DIR)/HeavyRotation.app/HeavyRotation";
				FRAMEWORK_SEARCH_PATHS = (
					"$(SDKROOT)/Developer/Library/Frameworks",
					"$(inherited)",
					"$(DEVELOPER_FRAMEWORKS_DIR)",
				);
				GCC_PRECOMPILE_PREFIX_HEADER = YES;
				GCC_PREFIX_HEADER = "HeavyRotation/HeavyRotation-Prefix.pch";
				INFOPLIST_FILE = "HeavyRotationTests/HeavyRotationTests-Info.plist";
				PRODUCT_NAME = "$(TARGET_NAME)";
				TEST_HOST = "$(BUNDLE_LOADER)";
				WRAPPER_EXTENSION = xctest;
			};
			name = Release;
		};
/* End XCBuildConfiguration section */

/* Begin XCConfigurationList section */
		2CF07FB518988C040023550B /* Build configuration list for PBXProject "HeavyRotation" */ = {
			isa = XCConfigurationList;
			buildConfigurations = (
				2CF07FE418988C040023550B /* Debug */,
				2CF07FE518988C040023550B /* Release */,
			);
			defaultConfigurationIsVisible = 0;
			defaultConfigurationName = Release;
		};
		2CF07FE618988C040023550B /* Build configuration list for PBXNativeTarget "HeavyRotation" */ = {
			isa = XCConfigurationList;
			buildConfigurations = (
				2CF07FE718988C040023550B /* Debug */,
				2CF07FE818988C040023550B /* Release */,
			);
			defaultConfigurationIsVisible = 0;
		};
		2CF07FE918988C040023550B /* Build configuration list for PBXNativeTarget "HeavyRotationTests" */ = {
			isa = XCConfigurationList;
			buildConfigurations = (
				2CF07FEA18988C040023550B /* Debug */,
				2CF07FEB18988C040023550B /* Release */,
			);
			defaultConfigurationIsVisible = 0;
		};
/* End XCConfigurationList section */
	};
	rootObject = 2CF07FB218988C040023550B /* Project object */;
}
